<?xml version="1.0" encoding="utf-8"?>
<Project ToolsVersion="4.0" xmlns="http://schemas.microsoft.com/developer/msbuild/2003">
  <ItemGroup>
    <Filter Include="Code">
      <UniqueIdentifier>{bed269e7-d02f-469d-b8ef-6354723d82bb}</UniqueIdentifier>
    </Filter>
    <Filter Include="Resources">
      <UniqueIdentifier>{a82ce229-db5d-4dd7-9608-47261f34eb7f}</UniqueIdentifier>
    </Filter>
    <Filter Include="Code\Client">
      <UniqueIdentifier>{1058a662-ef62-4074-83e0-43df41f56a65}</UniqueIdentifier>
    </Filter>
    <Filter Include="Code\Server">
      <UniqueIdentifier>{9e2dadac-3b20-4be1-aff7-7fb96ac06ac3}</UniqueIdentifier>
    </Filter>
    <Filter Include="Code\Refresh">
      <UniqueIdentifier>{c4e83047-9ffa-450b-a8f7-65509dc1c758}</UniqueIdentifier>
    </Filter>
    <Filter Include="Code\Game">
      <UniqueIdentifier>{a30fa249-29e9-4781-8d3b-d65a6c7f4deb}</UniqueIdentifier>
    </Filter>
    <Filter Include="Code\Shared">
      <UniqueIdentifier>{6182af83-1490-4ea9-a198-ba1dfdac1c5e}</UniqueIdentifier>
    </Filter>
    <Filter Include="Code\Common">
      <UniqueIdentifier>{defacb91-90d4-4b6a-8850-78b9501c5fd7}</UniqueIdentifier>
    </Filter>
  </ItemGroup>
  <ItemGroup>
    <ClInclude Include="client\cdaudio.h">
      <Filter>Code\Client</Filter>
    </ClInclude>
    <ClInclude Include="client\client.h">
      <Filter>Code\Client</Filter>
    </ClInclude>
    <ClInclude Include="client\console.h">
      <Filter>Code\Client</Filter>
    </ClInclude>
    <ClInclude Include="client\input.h">
      <Filter>Code\Client</Filter>
    </ClInclude>
    <ClInclude Include="client\keys.h">
      <Filter>Code\Client</Filter>
    </ClInclude>
    <ClInclude Include="client\qmenu.h">
      <Filter>Code\Client</Filter>
    </ClInclude>
    <ClInclude Include="client\screen.h">
      <Filter>Code\Client</Filter>
    </ClInclude>
    <ClInclude Include="client\snd_loc.h">
      <Filter>Code\Client</Filter>
    </ClInclude>
    <ClInclude Include="client\sound.h">
      <Filter>Code\Client</Filter>
    </ClInclude>
    <ClInclude Include="client\vid.h">
      <Filter>Code\Client</Filter>
    </ClInclude>
    <ClInclude Include="client\winquake.h">
      <Filter>Code\Client</Filter>
    </ClInclude>
    <ClInclude Include="server\server.h">
      <Filter>Code\Server</Filter>
    </ClInclude>
    <ClInclude Include="shared\qfiles.h">
      <Filter>Code\Shared</Filter>
    </ClInclude>
    <ClInclude Include="shared\common.h">
      <Filter>Code\Shared</Filter>
    </ClInclude>
    <ClInclude Include="shared\crc.h">
      <Filter>Code\Shared</Filter>
    </ClInclude>
    <ClInclude Include="shared\conproc.h">
      <Filter>Code\Shared</Filter>
    </ClInclude>
    <ClInclude Include="ref_shared\ref_public.h">
      <Filter>Code\Refresh</Filter>
    </ClInclude>
    <ClInclude Include="..\common\q_shared.h">
      <Filter>Code\Common</Filter>
    </ClInclude>
    <ClInclude Include="..\game_shared\game_public.h">
      <Filter>Code\Game</Filter>
    </ClInclude>
    <ClInclude Include="..\common\q_math.h">
      <Filter>Code\Common</Filter>
    </ClInclude>
    <ClInclude Include="res\resource.h">
      <Filter>Resources</Filter>
    </ClInclude>
    <ClInclude Include="..\common\q_types.h">
      <Filter>Code\Common</Filter>
    </ClInclude>
    <ClInclude Include="..\common\q_defs.h">
      <Filter>Code\Common</Filter>
    </ClInclude>
  </ItemGroup>
  <ItemGroup>
    <ClCompile Include="server\sv_ccmds.cpp">
      <Filter>Code\Server</Filter>
    </ClCompile>
    <ClCompile Include="server\sv_ents.cpp">
      <Filter>Code\Server</Filter>
    </ClCompile>
    <ClCompile Include="server\sv_game.cpp">
      <Filter>Code\Server</Filter>
    </ClCompile>
    <ClCompile Include="server\sv_init.cpp">
      <Filter>Code\Server</Filter>
    </ClCompile>
    <ClCompile Include="server\sv_main.cpp">
      <Filter>Code\Server</Filter>
    </ClCompile>
    <ClCompile Include="server\sv_send.cpp">
      <Filter>Code\Server</Filter>
    </ClCompile>
    <ClCompile Include="server\sv_user.cpp">
      <Filter>Code\Server</Filter>
    </ClCompile>
    <ClCompile Include="server\sv_world.cpp">
      <Filter>Code\Server</Filter>
    </ClCompile>
    <ClCompile Include="client\vid_win.cpp">
      <Filter>Code\Client</Filter>
    </ClCompile>
    <ClCompile Include="client\cd_null.cpp">
      <Filter>Code\Client</Filter>
    </ClCompile>
    <ClCompile Include="client\cl_cin.cpp">
      <Filter>Code\Client</Filter>
    </ClCompile>
    <ClCompile Include="client\cl_ents.cpp">
      <Filter>Code\Client</Filter>
    </ClCompile>
    <ClCompile Include="client\cl_input.cpp">
      <Filter>Code\Client</Filter>
    </ClCompile>
    <ClCompile Include="client\cl_inv.cpp">
      <Filter>Code\Client</Filter>
    </ClCompile>
    <ClCompile Include="client\cl_parse.cpp">
      <Filter>Code\Client</Filter>
    </ClCompile>
    <ClCompile Include="client\cl_pred.cpp">
      <Filter>Code\Client</Filter>
    </ClCompile>
    <ClCompile Include="client\cl_scrn.cpp">
      <Filter>Code\Client</Filter>
    </ClCompile>
    <ClCompile Include="client\cl_tent.cpp">
      <Filter>Code\Client</Filter>
    </ClCompile>
    <ClCompile Include="client\cl_view.cpp">
      <Filter>Code\Client</Filter>
    </ClCompile>
    <ClCompile Include="client\console.cpp">
      <Filter>Code\Client</Filter>
    </ClCompile>
    <ClCompile Include="client\input_win.cpp">
      <Filter>Code\Client</Filter>
    </ClCompile>
    <ClCompile Include="client\keys.cpp">
      <Filter>Code\Client</Filter>
    </ClCompile>
    <ClCompile Include="client\menu.cpp">
      <Filter>Code\Client</Filter>
    </ClCompile>
    <ClCompile Include="client\qmenu.cpp">
      <Filter>Code\Client</Filter>
    </ClCompile>
    <ClCompile Include="client\cl_fx.cpp">
      <Filter>Code\Client</Filter>
    </ClCompile>
    <ClCompile Include="client\cl_main.cpp">
      <Filter>Code\Client</Filter>
    </ClCompile>
    <ClCompile Include="client\cl_newfx.cpp">
      <Filter>Code\Client</Filter>
    </ClCompile>
    <ClCompile Include="client\snd_dma.cpp">
      <Filter>Code\Client</Filter>
    </ClCompile>
    <ClCompile Include="client\snd_mem.cpp">
      <Filter>Code\Client</Filter>
    </ClCompile>
    <ClCompile Include="client\snd_mix.cpp">
      <Filter>Code\Client</Filter>
    </ClCompile>
    <ClCompile Include="client\snd_win.cpp">
      <Filter>Code\Client</Filter>
    </ClCompile>
    <ClCompile Include="client\vid_menu_win.cpp">
      <Filter>Code\Client</Filter>
    </ClCompile>
    <ClCompile Include="shared\cmd.cpp">
      <Filter>Code\Shared</Filter>
    </ClCompile>
    <ClCompile Include="shared\cmodel.cpp">
      <Filter>Code\Shared</Filter>
    </ClCompile>
    <ClCompile Include="shared\conproc.cpp">
      <Filter>Code\Shared</Filter>
    </ClCompile>
    <ClCompile Include="shared\crc.cpp">
      <Filter>Code\Shared</Filter>
    </ClCompile>
    <ClCompile Include="shared\cvar.cpp">
      <Filter>Code\Shared</Filter>
    </ClCompile>
    <ClCompile Include="shared\files.cpp">
      <Filter>Code\Shared</Filter>
    </ClCompile>
    <ClCompile Include="shared\md4.cpp">
      <Filter>Code\Shared</Filter>
    </ClCompile>
    <ClCompile Include="shared\misc_win.cpp">
      <Filter>Code\Shared</Filter>
    </ClCompile>
    <ClCompile Include="shared\net_chan.cpp">
      <Filter>Code\Shared</Filter>
    </ClCompile>
    <ClCompile Include="shared\net_wins.cpp">
      <Filter>Code\Shared</Filter>
    </ClCompile>
    <ClCompile Include="shared\sys_win.cpp">
      <Filter>Code\Shared</Filter>
    </ClCompile>
    <ClCompile Include="shared\common.cpp">
      <Filter>Code\Shared</Filter>
    </ClCompile>
    <ClCompile Include="..\common\q_math.cpp">
      <Filter>Code\Common</Filter>
    </ClCompile>
    <ClCompile Include="..\common\q_shared.cpp">
      <Filter>Code\Common</Filter>
    </ClCompile>
    <ClCompile Include="..\game_shared\m_flash.cpp">
      <Filter>Code\Game</Filter>
    </ClCompile>
    <ClCompile Include="shared\pmove.cpp">
      <Filter>Code\Shared</Filter>
    </ClCompile>
  </ItemGroup>
  <ItemGroup>
    <Image Include="res\quake2.ico">
      <Filter>Resources</Filter>
    </Image>
  </ItemGroup>
  <ItemGroup>
    <ResourceCompile Include="res\quake2.rc">
      <Filter>Resources</Filter>
    </ResourceCompile>
  </ItemGroup>
  <ItemGroup>
    <Manifest Include="..\common\windows_default.manifest">
      <Filter>Resources</Filter>
    </Manifest>
    <Manifest Include="..\common\windows_dpiaware.manifest">
      <Filter>Resources</Filter>
    </Manifest>
    <Manifest Include="..\common\windows_visualstyles.manifest">
      <Filter>Resources</Filter>
    </Manifest>
  </ItemGroup>
  <ItemGroup>
    <None Include="ref_shared\anorms.inl">
      <Filter>Code\Refresh</Filter>
    </None>
  </ItemGroup>
</Project>