<?xml version="1.0" encoding="utf-8"?>
<Project ToolsVersion="4.0" xmlns="http://schemas.microsoft.com/developer/msbuild/2003">
  <ItemGroup>
    <Filter Include="Code">
      <UniqueIdentifier>{995f40d3-530c-4426-8478-af38b9b58810}</UniqueIdentifier>
    </Filter>
    <Filter Include="Code\ASM">
      <UniqueIdentifier>{9d06003b-5698-4f3b-93f2-611ef4f8b105}</UniqueIdentifier>
    </Filter>
    <Filter Include="Code\Common">
      <UniqueIdentifier>{a500ffcd-c368-42f5-b4b1-da59b3fde08c}</UniqueIdentifier>
    </Filter>
  </ItemGroup>
  <ItemGroup>
    <None Include="r_spr8.asm">
      <Filter>Code\ASM</Filter>
    </None>
    <None Include="r_surf8.asm">
      <Filter>Code\ASM</Filter>
    </None>
    <None Include="r_varsa.asm">
      <Filter>Code\ASM</Filter>
    </None>
    <None Include="r_aclipa.asm">
      <Filter>Code\ASM</Filter>
    </None>
    <None Include="r_draw16.asm">
      <Filter>Code\ASM</Filter>
    </None>
    <None Include="r_drawa.asm">
      <Filter>Code\ASM</Filter>
    </None>
    <None Include="r_edgea.asm">
      <Filter>Code\ASM</Filter>
    </None>
    <None Include="r_polysa.asm">
      <Filter>Code\ASM</Filter>
    </None>
    <None Include="r_scana.asm">
      <Filter>Code\ASM</Filter>
    </None>
    <None Include="d_if.inc">
      <Filter>Code\ASM</Filter>
    </None>
    <None Include="qasm.inc">
      <Filter>Code\ASM</Filter>
    </None>
    <None Include="block8.inc">
      <Filter>Code\ASM</Filter>
    </None>
    <None Include="block16.inc">
      <Filter>Code\ASM</Filter>
    </None>
  </ItemGroup>
  <ItemGroup>
    <ClInclude Include="adivtab.h">
      <Filter>Code</Filter>
    </ClInclude>
    <ClInclude Include="asm_draw.h">
      <Filter>Code</Filter>
    </ClInclude>
    <ClInclude Include="d_ifacea.h">
      <Filter>Code</Filter>
    </ClInclude>
    <ClInclude Include="r_local.h">
      <Filter>Code</Filter>
    </ClInclude>
    <ClInclude Include="r_model.h">
      <Filter>Code</Filter>
    </ClInclude>
    <ClInclude Include="rand1k.h">
      <Filter>Code</Filter>
    </ClInclude>
  </ItemGroup>
  <ItemGroup>
    <ClCompile Include="r_aclip.c">
      <Filter>Code</Filter>
    </ClCompile>
    <ClCompile Include="r_alias.c">
      <Filter>Code</Filter>
    </ClCompile>
    <ClCompile Include="r_bsp.c">
      <Filter>Code</Filter>
    </ClCompile>
    <ClCompile Include="r_draw.c">
      <Filter>Code</Filter>
    </ClCompile>
    <ClCompile Include="r_edge.c">
      <Filter>Code</Filter>
    </ClCompile>
    <ClCompile Include="r_image.c">
      <Filter>Code</Filter>
    </ClCompile>
    <ClCompile Include="r_light.c">
      <Filter>Code</Filter>
    </ClCompile>
    <ClCompile Include="r_main.c">
      <Filter>Code</Filter>
    </ClCompile>
    <ClCompile Include="r_misc.c">
      <Filter>Code</Filter>
    </ClCompile>
    <ClCompile Include="r_model.c">
      <Filter>Code</Filter>
    </ClCompile>
    <ClCompile Include="r_part.c">
      <Filter>Code</Filter>
    </ClCompile>
    <ClCompile Include="r_poly.c">
      <Filter>Code</Filter>
    </ClCompile>
    <ClCompile Include="r_polyse.c">
      <Filter>Code</Filter>
    </ClCompile>
    <ClCompile Include="r_rast.c">
      <Filter>Code</Filter>
    </ClCompile>
    <ClCompile Include="r_scan.c">
      <Filter>Code</Filter>
    </ClCompile>
    <ClCompile Include="r_sprite.c">
      <Filter>Code</Filter>
    </ClCompile>
    <ClCompile Include="r_surf.c">
      <Filter>Code</Filter>
    </ClCompile>
  </ItemGroup>
</Project>