<?xml version="1.0" encoding="utf-8"?>
<Project ToolsVersion="4.0" xmlns="http://schemas.microsoft.com/developer/msbuild/2003">
  <ItemGroup>
    <Filter Include="Code">
      <UniqueIdentifier>{45de4a57-2e84-4c68-bedb-b8676de05a9e}</UniqueIdentifier>
    </Filter>
    <Filter Include="Code\Common">
      <UniqueIdentifier>{60576453-0476-4e4d-8cec-6364339acb8b}</UniqueIdentifier>
    </Filter>
    <Filter Include="Code\Game Shared">
      <UniqueIdentifier>{d6c22a5d-1120-4204-bc03-1e19eecc292e}</UniqueIdentifier>
    </Filter>
  </ItemGroup>
  <ItemGroup>
    <ClCompile Include="..\common\q_shared.cpp">
      <Filter>Code\Common</Filter>
    </ClCompile>
    <ClCompile Include="..\common\q_math.cpp">
      <Filter>Code\Common</Filter>
    </ClCompile>
    <ClCompile Include="..\game_shared\m_flash.cpp">
      <Filter>Code\Game Shared</Filter>
    </ClCompile>
    <ClCompile Include="g_ai.cpp">
      <Filter>Code</Filter>
    </ClCompile>
    <ClCompile Include="g_chase.cpp">
      <Filter>Code</Filter>
    </ClCompile>
    <ClCompile Include="g_cmds.cpp">
      <Filter>Code</Filter>
    </ClCompile>
    <ClCompile Include="g_func.cpp">
      <Filter>Code</Filter>
    </ClCompile>
    <ClCompile Include="g_combat.cpp">
      <Filter>Code</Filter>
    </ClCompile>
    <ClCompile Include="g_items.cpp">
      <Filter>Code</Filter>
    </ClCompile>
    <ClCompile Include="g_main.cpp">
      <Filter>Code</Filter>
    </ClCompile>
    <ClCompile Include="g_misc.cpp">
      <Filter>Code</Filter>
    </ClCompile>
    <ClCompile Include="g_monster.cpp">
      <Filter>Code</Filter>
    </ClCompile>
    <ClCompile Include="g_phys.cpp">
      <Filter>Code</Filter>
    </ClCompile>
    <ClCompile Include="g_save.cpp">
      <Filter>Code</Filter>
    </ClCompile>
    <ClCompile Include="g_spawn.cpp">
      <Filter>Code</Filter>
    </ClCompile>
    <ClCompile Include="g_svcmds.cpp">
      <Filter>Code</Filter>
    </ClCompile>
    <ClCompile Include="g_target.cpp">
      <Filter>Code</Filter>
    </ClCompile>
    <ClCompile Include="g_trigger.cpp">
      <Filter>Code</Filter>
    </ClCompile>
    <ClCompile Include="g_turret.cpp">
      <Filter>Code</Filter>
    </ClCompile>
    <ClCompile Include="g_utils.cpp">
      <Filter>Code</Filter>
    </ClCompile>
    <ClCompile Include="g_weapon.cpp">
      <Filter>Code</Filter>
    </ClCompile>
    <ClCompile Include="m_actor.cpp">
      <Filter>Code</Filter>
    </ClCompile>
    <ClCompile Include="m_berserk.cpp">
      <Filter>Code</Filter>
    </ClCompile>
    <ClCompile Include="m_boss2.cpp">
      <Filter>Code</Filter>
    </ClCompile>
    <ClCompile Include="m_boss3.cpp">
      <Filter>Code</Filter>
    </ClCompile>
    <ClCompile Include="m_boss31.cpp">
      <Filter>Code</Filter>
    </ClCompile>
    <ClCompile Include="m_boss32.cpp">
      <Filter>Code</Filter>
    </ClCompile>
    <ClCompile Include="m_brain.cpp">
      <Filter>Code</Filter>
    </ClCompile>
    <ClCompile Include="m_chick.cpp">
      <Filter>Code</Filter>
    </ClCompile>
    <ClCompile Include="m_flipper.cpp">
      <Filter>Code</Filter>
    </ClCompile>
    <ClCompile Include="m_float.cpp">
      <Filter>Code</Filter>
    </ClCompile>
    <ClCompile Include="m_flyer.cpp">
      <Filter>Code</Filter>
    </ClCompile>
    <ClCompile Include="m_gladiator.cpp">
      <Filter>Code</Filter>
    </ClCompile>
    <ClCompile Include="m_gunner.cpp">
      <Filter>Code</Filter>
    </ClCompile>
    <ClCompile Include="m_hover.cpp">
      <Filter>Code</Filter>
    </ClCompile>
    <ClCompile Include="m_infantry.cpp">
      <Filter>Code</Filter>
    </ClCompile>
    <ClCompile Include="m_insane.cpp">
      <Filter>Code</Filter>
    </ClCompile>
    <ClCompile Include="m_medic.cpp">
      <Filter>Code</Filter>
    </ClCompile>
    <ClCompile Include="m_move.cpp">
      <Filter>Code</Filter>
    </ClCompile>
    <ClCompile Include="m_mutant.cpp">
      <Filter>Code</Filter>
    </ClCompile>
    <ClCompile Include="m_parasite.cpp">
      <Filter>Code</Filter>
    </ClCompile>
    <ClCompile Include="m_soldier.cpp">
      <Filter>Code</Filter>
    </ClCompile>
    <ClCompile Include="m_supertank.cpp">
      <Filter>Code</Filter>
    </ClCompile>
    <ClCompile Include="m_tank.cpp">
      <Filter>Code</Filter>
    </ClCompile>
    <ClCompile Include="p_client.cpp">
      <Filter>Code</Filter>
    </ClCompile>
    <ClCompile Include="p_hud.cpp">
      <Filter>Code</Filter>
    </ClCompile>
    <ClCompile Include="p_trail.cpp">
      <Filter>Code</Filter>
    </ClCompile>
    <ClCompile Include="p_weapon.cpp">
      <Filter>Code</Filter>
    </ClCompile>
    <ClCompile Include="p_view_hl1.cpp">
      <Filter>Code</Filter>
    </ClCompile>
  </ItemGroup>
  <ItemGroup>
    <ClInclude Include="g_local.h">
      <Filter>Code</Filter>
    </ClInclude>
    <ClInclude Include="m_boss2.h">
      <Filter>Code</Filter>
    </ClInclude>
    <ClInclude Include="m_boss31.h">
      <Filter>Code</Filter>
    </ClInclude>
    <ClInclude Include="m_boss32.h">
      <Filter>Code</Filter>
    </ClInclude>
    <ClInclude Include="m_brain.h">
      <Filter>Code</Filter>
    </ClInclude>
    <ClInclude Include="m_chick.h">
      <Filter>Code</Filter>
    </ClInclude>
    <ClInclude Include="m_flipper.h">
      <Filter>Code</Filter>
    </ClInclude>
    <ClInclude Include="m_float.h">
      <Filter>Code</Filter>
    </ClInclude>
    <ClInclude Include="m_flyer.h">
      <Filter>Code</Filter>
    </ClInclude>
    <ClInclude Include="m_gladiator.h">
      <Filter>Code</Filter>
    </ClInclude>
    <ClInclude Include="m_gunner.h">
      <Filter>Code</Filter>
    </ClInclude>
    <ClInclude Include="m_hover.h">
      <Filter>Code</Filter>
    </ClInclude>
    <ClInclude Include="m_infantry.h">
      <Filter>Code</Filter>
    </ClInclude>
    <ClInclude Include="m_insane.h">
      <Filter>Code</Filter>
    </ClInclude>
    <ClInclude Include="m_medic.h">
      <Filter>Code</Filter>
    </ClInclude>
    <ClInclude Include="m_mutant.h">
      <Filter>Code</Filter>
    </ClInclude>
    <ClInclude Include="m_parasite.h">
      <Filter>Code</Filter>
    </ClInclude>
    <ClInclude Include="m_player.h">
      <Filter>Code</Filter>
    </ClInclude>
    <ClInclude Include="m_rider.h">
      <Filter>Code</Filter>
    </ClInclude>
    <ClInclude Include="m_soldier.h">
      <Filter>Code</Filter>
    </ClInclude>
    <ClInclude Include="m_supertank.h">
      <Filter>Code</Filter>
    </ClInclude>
    <ClInclude Include="m_tank.h">
      <Filter>Code</Filter>
    </ClInclude>
    <ClInclude Include="..\game_shared\game_public.h">
      <Filter>Code\Game Shared</Filter>
    </ClInclude>
    <ClInclude Include="..\common\q_shared.h">
      <Filter>Code\Common</Filter>
    </ClInclude>
    <ClInclude Include="..\common\q_types.h">
      <Filter>Code\Common</Filter>
    </ClInclude>
    <ClInclude Include="..\common\q_defs.h">
      <Filter>Code\Common</Filter>
    </ClInclude>
    <ClInclude Include="..\common\q_math.h">
      <Filter>Code\Common</Filter>
    </ClInclude>
    <ClInclude Include="m_actor.h">
      <Filter>Code</Filter>
    </ClInclude>
    <ClInclude Include="m_berserk.h">
      <Filter>Code</Filter>
    </ClInclude>
  </ItemGroup>
</Project>